// !$*UTF8*$!
{
	archiveVersion = 1;
	classes = {
	};
	objectVersion = 52;
	objects = {

/* Begin PBXBuildFile section */
		9208632927C52D35007D2FED /* SDWebImage in Frameworks */ = {isa = PBXBuildFile; productRef = 9208632827C52D35007D2FED /* SDWebImage */; };
		9208632F27C6544E007D2FED /* ProductDetailedViewController.swift in Sources */ = {isa = PBXBuildFile; fileRef = 9208632D27C6544E007D2FED /* ProductDetailedViewController.swift */; };
		9208633027C6544E007D2FED /* ProductDetailedViewController.xib in Resources */ = {isa = PBXBuildFile; fileRef = 9208632E27C6544E007D2FED /* ProductDetailedViewController.xib */; };
		9208633427C79D23007D2FED /* ProductImagesCollectionViewCell.swift in Sources */ = {isa = PBXBuildFile; fileRef = 9208633227C79D23007D2FED /* ProductImagesCollectionViewCell.swift */; };
		9208633527C79D23007D2FED /* ProductImagesCollectionViewCell.xib in Resources */ = {isa = PBXBuildFile; fileRef = 9208633327C79D23007D2FED /* ProductImagesCollectionViewCell.xib */; };
		9208633727C7AE26007D2FED /* ProductDetailViewModel.swift in Sources */ = {isa = PBXBuildFile; fileRef = 9208633627C7AE26007D2FED /* ProductDetailViewModel.swift */; };
		9208633C27C8C395007D2FED /* RateNowPopUpViewcontroller.xib in Resources */ = {isa = PBXBuildFile; fileRef = 9208633A27C8C395007D2FED /* RateNowPopUpViewcontroller.xib */; };
		9208633F27C915C1007D2FED /* RateNowPopUpViewcontroller.swift in Sources */ = {isa = PBXBuildFile; fileRef = 9208633927C8C395007D2FED /* RateNowPopUpViewcontroller.swift */; };
		9208634327CCB79C007D2FED /* BuyNowPopUpViewController.swift in Sources */ = {isa = PBXBuildFile; fileRef = 9208634127CCB79C007D2FED /* BuyNowPopUpViewController.swift */; };
		9208634427CCB79C007D2FED /* BuyNowPopUpViewController.xib in Resources */ = {isa = PBXBuildFile; fileRef = 9208634227CCB79C007D2FED /* BuyNowPopUpViewController.xib */; };
		9208634627CE0700007D2FED /* ProductRatingViewModel.swift in Sources */ = {isa = PBXBuildFile; fileRef = 9208634527CE0700007D2FED /* ProductRatingViewModel.swift */; };
		9208634827CF54BF007D2FED /* BuyNowViewModel.swift in Sources */ = {isa = PBXBuildFile; fileRef = 9208634727CF54BF007D2FED /* BuyNowViewModel.swift */; };
		9208634A27CF579A007D2FED /* CartService.swift in Sources */ = {isa = PBXBuildFile; fileRef = 9208634927CF579A007D2FED /* CartService.swift */; };
		9208634E27D07AA2007D2FED /* MyCartTableViewController.swift in Sources */ = {isa = PBXBuildFile; fileRef = 9208634C27D07AA2007D2FED /* MyCartTableViewController.swift */; };
		9208634F27D07AA2007D2FED /* MyCartTableViewController.xib in Resources */ = {isa = PBXBuildFile; fileRef = 9208634D27D07AA2007D2FED /* MyCartTableViewController.xib */; };
		9208635327D09512007D2FED /* MyCartTableViewCell.swift in Sources */ = {isa = PBXBuildFile; fileRef = 9208635127D09512007D2FED /* MyCartTableViewCell.swift */; };
		9208635427D09512007D2FED /* MyCartTableViewCell.xib in Resources */ = {isa = PBXBuildFile; fileRef = 9208635227D09512007D2FED /* MyCartTableViewCell.xib */; };
		92131AF427A817AF00E9A993 /* AppDelegate.swift in Sources */ = {isa = PBXBuildFile; fileRef = 92131AF327A817AF00E9A993 /* AppDelegate.swift */; };
		92131AF627A817AF00E9A993 /* SceneDelegate.swift in Sources */ = {isa = PBXBuildFile; fileRef = 92131AF527A817AF00E9A993 /* SceneDelegate.swift */; };
		92131AFE27A817AF00E9A993 /* NeoStore.xcdatamodeld in Sources */ = {isa = PBXBuildFile; fileRef = 92131AFC27A817AF00E9A993 /* NeoStore.xcdatamodeld */; };
		92131B0027A817B100E9A993 /* Assets.xcassets in Resources */ = {isa = PBXBuildFile; fileRef = 92131AFF27A817B100E9A993 /* Assets.xcassets */; };
		92131B0327A817B100E9A993 /* LaunchScreen.storyboard in Resources */ = {isa = PBXBuildFile; fileRef = 92131B0127A817B100E9A993 /* LaunchScreen.storyboard */; };
		92131B1A27A90E7800E9A993 /* APIManager.swift in Sources */ = {isa = PBXBuildFile; fileRef = 92131B1927A90E7800E9A993 /* APIManager.swift */; };
		92131B1C27A912C600E9A993 /* APIServices.swift in Sources */ = {isa = PBXBuildFile; fileRef = 92131B1B27A912C600E9A993 /* APIServices.swift */; };
		92DC143927A9714C004C531D /* Constants.swift in Sources */ = {isa = PBXBuildFile; fileRef = 92DC143827A9714C004C531D /* Constants.swift */; };
		92DC143F27AA68B5004C531D /* ProductService.swift in Sources */ = {isa = PBXBuildFile; fileRef = 92DC143E27AA68B5004C531D /* ProductService.swift */; };
		92DC144127AA6C4E004C531D /* Models.swift in Sources */ = {isa = PBXBuildFile; fileRef = 92DC144027AA6C4E004C531D /* Models.swift */; };
		92DC144427AAAB8C004C531D /* LoginScreenVC.swift in Sources */ = {isa = PBXBuildFile; fileRef = 92DC144227AAAB8C004C531D /* LoginScreenVC.swift */; };
		92DC144527AAAB8C004C531D /* LoginScreenVC.xib in Resources */ = {isa = PBXBuildFile; fileRef = 92DC144327AAAB8C004C531D /* LoginScreenVC.xib */; };
		92DC144B27AAB3EC004C531D /* UIColor+Extension.swift in Sources */ = {isa = PBXBuildFile; fileRef = 92DC144A27AAB3EC004C531D /* UIColor+Extension.swift */; };
		92DC144D27AAB3FF004C531D /* UITextfields+Extension.swift in Sources */ = {isa = PBXBuildFile; fileRef = 92DC144C27AAB3FF004C531D /* UITextfields+Extension.swift */; };
		92DC145627ABF32E004C531D /* GothamBold.otf in Resources */ = {isa = PBXBuildFile; fileRef = 92DC145527ABF32E004C531D /* GothamBold.otf */; };
		92DC145827ABF32E004C531D /* GothamMedium.ttf in Resources */ = {isa = PBXBuildFile; fileRef = 92DC145727ABF32E004C531D /* GothamMedium.ttf */; };
		92DC145A27ABF32E004C531D /* UserService.swift in Sources */ = {isa = PBXBuildFile; fileRef = 92DC145927ABF32E004C531D /* UserService.swift */; };
		92DC145C27AC159A004C531D /* LoginViewModel.swift in Sources */ = {isa = PBXBuildFile; fileRef = 92DC145B27AC159A004C531D /* LoginViewModel.swift */; };
		92DC145E27AC1A33004C531D /* ReactiveListener.swift in Sources */ = {isa = PBXBuildFile; fileRef = 92DC145D27AC1A33004C531D /* ReactiveListener.swift */; };
		92DC146727AD028C004C531D /* RegisterViewController.swift in Sources */ = {isa = PBXBuildFile; fileRef = 92DC146527AD028C004C531D /* RegisterViewController.swift */; };
		92DC146827AD028C004C531D /* RegisterViewController.xib in Resources */ = {isa = PBXBuildFile; fileRef = 92DC146627AD028C004C531D /* RegisterViewController.xib */; };
		92DC146A27B138BA004C531D /* RegisterViewModel.swift in Sources */ = {isa = PBXBuildFile; fileRef = 92DC146927B138BA004C531D /* RegisterViewModel.swift */; };
		92DC147227B2AF3F004C531D /* NeoStoreTests.swift in Sources */ = {isa = PBXBuildFile; fileRef = 92DC147127B2AF3F004C531D /* NeoStoreTests.swift */; };
		92DC147F27B39F66004C531D /* JSONParser.swift in Sources */ = {isa = PBXBuildFile; fileRef = 92DC147E27B39F66004C531D /* JSONParser.swift */; };
		92DC148127B3ADE5004C531D /* KeyedDecodingContainer + Extension.swift in Sources */ = {isa = PBXBuildFile; fileRef = 92DC148027B3ADE5004C531D /* KeyedDecodingContainer + Extension.swift */; };
		92DC148627B3D652004C531D /* UserDefaults.swift in Sources */ = {isa = PBXBuildFile; fileRef = 92DC148527B3D652004C531D /* UserDefaults.swift */; };
		92DC148927B3EA68004C531D /* ForgotPasswordViewController.swift in Sources */ = {isa = PBXBuildFile; fileRef = 92DC148727B3EA68004C531D /* ForgotPasswordViewController.swift */; };
		92DC148A27B3EA68004C531D /* ForgotPasswordViewController.xib in Resources */ = {isa = PBXBuildFile; fileRef = 92DC148827B3EA68004C531D /* ForgotPasswordViewController.xib */; };
		92DC148D27B3F15C004C531D /* ForgotPasswordViewModel.swift in Sources */ = {isa = PBXBuildFile; fileRef = 92DC148C27B3F15C004C531D /* ForgotPasswordViewModel.swift */; };
		92DC149127B52F50004C531D /* HomeViewController.swift in Sources */ = {isa = PBXBuildFile; fileRef = 92DC148F27B52F50004C531D /* HomeViewController.swift */; };
		92DC149227B52F50004C531D /* HomeViewController.xib in Resources */ = {isa = PBXBuildFile; fileRef = 92DC149027B52F50004C531D /* HomeViewController.xib */; };
		92DC149C27B53EDB004C531D /* SlideShowCollectionViewCell.swift in Sources */ = {isa = PBXBuildFile; fileRef = 92DC149A27B53EDB004C531D /* SlideShowCollectionViewCell.swift */; };
		92DC149D27B53EDB004C531D /* SlideShowCollectionViewCell.xib in Resources */ = {isa = PBXBuildFile; fileRef = 92DC149B27B53EDB004C531D /* SlideShowCollectionViewCell.xib */; };
		92DC149F27B54538004C531D /* HomeViewModel.swift in Sources */ = {isa = PBXBuildFile; fileRef = 92DC149E27B54538004C531D /* HomeViewModel.swift */; };
		92DC14A327B6813C004C531D /* HomeProductsTypeDisplayCollectionViewCell.swift in Sources */ = {isa = PBXBuildFile; fileRef = 92DC14A127B6813C004C531D /* HomeProductsTypeDisplayCollectionViewCell.swift */; };
		92DC14A427B6813C004C531D /* HomeProductsTypeDisplayCollectionViewCell.xib in Resources */ = {isa = PBXBuildFile; fileRef = 92DC14A227B6813C004C531D /* HomeProductsTypeDisplayCollectionViewCell.xib */; };
		92DC14AB27BA2903004C531D /* CustomNavigationBar.swift in Sources */ = {isa = PBXBuildFile; fileRef = 92DC14AA27BA2903004C531D /* CustomNavigationBar.swift */; };
		92DC14B127BA2CCA004C531D /* CustomNavigationBar.xib in Resources */ = {isa = PBXBuildFile; fileRef = 92DC14B027BA2CCA004C531D /* CustomNavigationBar.xib */; };
		92DC14B527BA539C004C531D /* MyAccountViewController.swift in Sources */ = {isa = PBXBuildFile; fileRef = 92DC14B327BA539C004C531D /* MyAccountViewController.swift */; };
		92DC14B627BA539C004C531D /* MyAccountViewController.xib in Resources */ = {isa = PBXBuildFile; fileRef = 92DC14B427BA539C004C531D /* MyAccountViewController.xib */; };
		92DC14BA27BA7F3D004C531D /* ResetPasswordViewController.swift in Sources */ = {isa = PBXBuildFile; fileRef = 92DC14B827BA7F3D004C531D /* ResetPasswordViewController.swift */; };
		92DC14BB27BA7F3D004C531D /* ResetPasswordViewController.xib in Resources */ = {isa = PBXBuildFile; fileRef = 92DC14B927BA7F3D004C531D /* ResetPasswordViewController.xib */; };
		92DC14BD27BB6690004C531D /* UIViews+Extension.swift in Sources */ = {isa = PBXBuildFile; fileRef = 92DC14BC27BB6690004C531D /* UIViews+Extension.swift */; };
		92DC14BF27BBC91C004C531D /* ResetPasswordViewModel.swift in Sources */ = {isa = PBXBuildFile; fileRef = 92DC14BE27BBC91C004C531D /* ResetPasswordViewModel.swift */; };
		92DC14C127BBC93B004C531D /* MyAccountViewModel.swift in Sources */ = {isa = PBXBuildFile; fileRef = 92DC14C027BBC93B004C531D /* MyAccountViewModel.swift */; };
		92DC14C627BD149E004C531D /* ImagePicker.swift in Sources */ = {isa = PBXBuildFile; fileRef = 92DC14C527BD149E004C531D /* ImagePicker.swift */; };
		92DC14C927BE81CA004C531D /* TemporaryMenuBarViewController.swift in Sources */ = {isa = PBXBuildFile; fileRef = 92DC14C727BE81CA004C531D /* TemporaryMenuBarViewController.swift */; };
		92DC14CA27BE81CA004C531D /* TemporaryMenuBarViewController.xib in Resources */ = {isa = PBXBuildFile; fileRef = 92DC14C827BE81CA004C531D /* TemporaryMenuBarViewController.xib */; };
		92DC14CF27BF923B004C531D /* ProductListingViewController.swift in Sources */ = {isa = PBXBuildFile; fileRef = 92DC14CD27BF923B004C531D /* ProductListingViewController.swift */; };
		92DC14D027BF923B004C531D /* ProductListingViewController.xib in Resources */ = {isa = PBXBuildFile; fileRef = 92DC14CE27BF923B004C531D /* ProductListingViewController.xib */; };
		92DC14D427BF93D6004C531D /* ProductListingTableViewCell.swift in Sources */ = {isa = PBXBuildFile; fileRef = 92DC14D227BF93D6004C531D /* ProductListingTableViewCell.swift */; };
		92DC14D527BF93D6004C531D /* ProductListingTableViewCell.xib in Resources */ = {isa = PBXBuildFile; fileRef = 92DC14D327BF93D6004C531D /* ProductListingTableViewCell.xib */; };
		92DC14DE27C365C2004C531D /* ProductListingViewModel.swift in Sources */ = {isa = PBXBuildFile; fileRef = 92DC14DD27C365C2004C531D /* ProductListingViewModel.swift */; };
/* End PBXBuildFile section */

/* Begin PBXContainerItemProxy section */
		92DC147427B2AF3F004C531D /* PBXContainerItemProxy */ = {
			isa = PBXContainerItemProxy;
			containerPortal = 92131AE827A817AF00E9A993 /* Project object */;
			proxyType = 1;
			remoteGlobalIDString = 92131AEF27A817AF00E9A993;
			remoteInfo = NeoStore;
		};
/* End PBXContainerItemProxy section */

/* Begin PBXFileReference section */
		9208632D27C6544E007D2FED /* ProductDetailedViewController.swift */ = {isa = PBXFileReference; lastKnownFileType = sourcecode.swift; path = ProductDetailedViewController.swift; sourceTree = "<group>"; };
		9208632E27C6544E007D2FED /* ProductDetailedViewController.xib */ = {isa = PBXFileReference; lastKnownFileType = file.xib; path = ProductDetailedViewController.xib; sourceTree = "<group>"; };
		9208633227C79D23007D2FED /* ProductImagesCollectionViewCell.swift */ = {isa = PBXFileReference; lastKnownFileType = sourcecode.swift; path = ProductImagesCollectionViewCell.swift; sourceTree = "<group>"; };
		9208633327C79D23007D2FED /* ProductImagesCollectionViewCell.xib */ = {isa = PBXFileReference; lastKnownFileType = file.xib; path = ProductImagesCollectionViewCell.xib; sourceTree = "<group>"; };
		9208633627C7AE26007D2FED /* ProductDetailViewModel.swift */ = {isa = PBXFileReference; lastKnownFileType = sourcecode.swift; path = ProductDetailViewModel.swift; sourceTree = "<group>"; };
		9208633927C8C395007D2FED /* RateNowPopUpViewcontroller.swift */ = {isa = PBXFileReference; lastKnownFileType = sourcecode.swift; path = RateNowPopUpViewcontroller.swift; sourceTree = "<group>"; };
		9208633A27C8C395007D2FED /* RateNowPopUpViewcontroller.xib */ = {isa = PBXFileReference; lastKnownFileType = file.xib; path = RateNowPopUpViewcontroller.xib; sourceTree = "<group>"; };
		9208634127CCB79C007D2FED /* BuyNowPopUpViewController.swift */ = {isa = PBXFileReference; lastKnownFileType = sourcecode.swift; path = BuyNowPopUpViewController.swift; sourceTree = "<group>"; };
		9208634227CCB79C007D2FED /* BuyNowPopUpViewController.xib */ = {isa = PBXFileReference; lastKnownFileType = file.xib; path = BuyNowPopUpViewController.xib; sourceTree = "<group>"; };
		9208634527CE0700007D2FED /* ProductRatingViewModel.swift */ = {isa = PBXFileReference; lastKnownFileType = sourcecode.swift; path = ProductRatingViewModel.swift; sourceTree = "<group>"; };
		9208634727CF54BF007D2FED /* BuyNowViewModel.swift */ = {isa = PBXFileReference; lastKnownFileType = sourcecode.swift; path = BuyNowViewModel.swift; sourceTree = "<group>"; };
		9208634927CF579A007D2FED /* CartService.swift */ = {isa = PBXFileReference; lastKnownFileType = sourcecode.swift; path = CartService.swift; sourceTree = "<group>"; };
		9208634C27D07AA2007D2FED /* MyCartTableViewController.swift */ = {isa = PBXFileReference; lastKnownFileType = sourcecode.swift; path = MyCartTableViewController.swift; sourceTree = "<group>"; };
		9208634D27D07AA2007D2FED /* MyCartTableViewController.xib */ = {isa = PBXFileReference; lastKnownFileType = file.xib; path = MyCartTableViewController.xib; sourceTree = "<group>"; };
		9208635127D09512007D2FED /* MyCartTableViewCell.swift */ = {isa = PBXFileReference; lastKnownFileType = sourcecode.swift; path = MyCartTableViewCell.swift; sourceTree = "<group>"; };
		9208635227D09512007D2FED /* MyCartTableViewCell.xib */ = {isa = PBXFileReference; lastKnownFileType = file.xib; path = MyCartTableViewCell.xib; sourceTree = "<group>"; };
		92131AF027A817AF00E9A993 /* NeoStore.app */ = {isa = PBXFileReference; explicitFileType = wrapper.application; includeInIndex = 0; path = NeoStore.app; sourceTree = BUILT_PRODUCTS_DIR; };
		92131AF327A817AF00E9A993 /* AppDelegate.swift */ = {isa = PBXFileReference; lastKnownFileType = sourcecode.swift; path = AppDelegate.swift; sourceTree = "<group>"; };
		92131AF527A817AF00E9A993 /* SceneDelegate.swift */ = {isa = PBXFileReference; lastKnownFileType = sourcecode.swift; path = SceneDelegate.swift; sourceTree = "<group>"; };
		92131AFD27A817AF00E9A993 /* NeoStore.xcdatamodel */ = {isa = PBXFileReference; lastKnownFileType = wrapper.xcdatamodel; path = NeoStore.xcdatamodel; sourceTree = "<group>"; };
		92131AFF27A817B100E9A993 /* Assets.xcassets */ = {isa = PBXFileReference; lastKnownFileType = folder.assetcatalog; path = Assets.xcassets; sourceTree = "<group>"; };
		92131B0227A817B100E9A993 /* Base */ = {isa = PBXFileReference; lastKnownFileType = file.storyboard; name = Base; path = Base.lproj/LaunchScreen.storyboard; sourceTree = "<group>"; };
		92131B0427A817B100E9A993 /* Info.plist */ = {isa = PBXFileReference; lastKnownFileType = text.plist.xml; path = Info.plist; sourceTree = "<group>"; };
		92131B1927A90E7800E9A993 /* APIManager.swift */ = {isa = PBXFileReference; lastKnownFileType = sourcecode.swift; path = APIManager.swift; sourceTree = "<group>"; };
		92131B1B27A912C600E9A993 /* APIServices.swift */ = {isa = PBXFileReference; lastKnownFileType = sourcecode.swift; path = APIServices.swift; sourceTree = "<group>"; };
		92DC143827A9714C004C531D /* Constants.swift */ = {isa = PBXFileReference; lastKnownFileType = sourcecode.swift; path = Constants.swift; sourceTree = "<group>"; };
		92DC143E27AA68B5004C531D /* ProductService.swift */ = {isa = PBXFileReference; lastKnownFileType = sourcecode.swift; path = ProductService.swift; sourceTree = "<group>"; };
		92DC144027AA6C4E004C531D /* Models.swift */ = {isa = PBXFileReference; lastKnownFileType = sourcecode.swift; path = Models.swift; sourceTree = "<group>"; };
		92DC144227AAAB8C004C531D /* LoginScreenVC.swift */ = {isa = PBXFileReference; lastKnownFileType = sourcecode.swift; path = LoginScreenVC.swift; sourceTree = "<group>"; };
		92DC144327AAAB8C004C531D /* LoginScreenVC.xib */ = {isa = PBXFileReference; lastKnownFileType = file.xib; path = LoginScreenVC.xib; sourceTree = "<group>"; };
		92DC144A27AAB3EC004C531D /* UIColor+Extension.swift */ = {isa = PBXFileReference; lastKnownFileType = sourcecode.swift; path = "UIColor+Extension.swift"; sourceTree = "<group>"; };
		92DC144C27AAB3FF004C531D /* UITextfields+Extension.swift */ = {isa = PBXFileReference; lastKnownFileType = sourcecode.swift; path = "UITextfields+Extension.swift"; sourceTree = "<group>"; };
		92DC145527ABF32E004C531D /* GothamBold.otf */ = {isa = PBXFileReference; lastKnownFileType = file; path = GothamBold.otf; sourceTree = "<group>"; };
		92DC145727ABF32E004C531D /* GothamMedium.ttf */ = {isa = PBXFileReference; lastKnownFileType = file; path = GothamMedium.ttf; sourceTree = "<group>"; };
		92DC145927ABF32E004C531D /* UserService.swift */ = {isa = PBXFileReference; lastKnownFileType = sourcecode.swift; path = UserService.swift; sourceTree = "<group>"; };
		92DC145B27AC159A004C531D /* LoginViewModel.swift */ = {isa = PBXFileReference; lastKnownFileType = sourcecode.swift; path = LoginViewModel.swift; sourceTree = "<group>"; };
		92DC145D27AC1A33004C531D /* ReactiveListener.swift */ = {isa = PBXFileReference; lastKnownFileType = sourcecode.swift; path = ReactiveListener.swift; sourceTree = "<group>"; };
		92DC146527AD028C004C531D /* RegisterViewController.swift */ = {isa = PBXFileReference; lastKnownFileType = sourcecode.swift; path = RegisterViewController.swift; sourceTree = "<group>"; };
		92DC146627AD028C004C531D /* RegisterViewController.xib */ = {isa = PBXFileReference; lastKnownFileType = file.xib; path = RegisterViewController.xib; sourceTree = "<group>"; };
		92DC146927B138BA004C531D /* RegisterViewModel.swift */ = {isa = PBXFileReference; lastKnownFileType = sourcecode.swift; path = RegisterViewModel.swift; sourceTree = "<group>"; };
		92DC146F27B2AF3F004C531D /* NeoStoreTests.xctest */ = {isa = PBXFileReference; explicitFileType = wrapper.cfbundle; includeInIndex = 0; path = NeoStoreTests.xctest; sourceTree = BUILT_PRODUCTS_DIR; };
		92DC147127B2AF3F004C531D /* NeoStoreTests.swift */ = {isa = PBXFileReference; lastKnownFileType = sourcecode.swift; path = NeoStoreTests.swift; sourceTree = "<group>"; };
		92DC147327B2AF3F004C531D /* Info.plist */ = {isa = PBXFileReference; lastKnownFileType = text.plist.xml; path = Info.plist; sourceTree = "<group>"; };
		92DC147E27B39F66004C531D /* JSONParser.swift */ = {isa = PBXFileReference; lastKnownFileType = sourcecode.swift; path = JSONParser.swift; sourceTree = "<group>"; };
		92DC148027B3ADE5004C531D /* KeyedDecodingContainer + Extension.swift */ = {isa = PBXFileReference; lastKnownFileType = sourcecode.swift; path = "KeyedDecodingContainer + Extension.swift"; sourceTree = "<group>"; };
		92DC148527B3D652004C531D /* UserDefaults.swift */ = {isa = PBXFileReference; lastKnownFileType = sourcecode.swift; path = UserDefaults.swift; sourceTree = "<group>"; };
		92DC148727B3EA68004C531D /* ForgotPasswordViewController.swift */ = {isa = PBXFileReference; lastKnownFileType = sourcecode.swift; path = ForgotPasswordViewController.swift; sourceTree = "<group>"; };
		92DC148827B3EA68004C531D /* ForgotPasswordViewController.xib */ = {isa = PBXFileReference; lastKnownFileType = file.xib; path = ForgotPasswordViewController.xib; sourceTree = "<group>"; };
		92DC148C27B3F15C004C531D /* ForgotPasswordViewModel.swift */ = {isa = PBXFileReference; lastKnownFileType = sourcecode.swift; path = ForgotPasswordViewModel.swift; sourceTree = "<group>"; };
		92DC148F27B52F50004C531D /* HomeViewController.swift */ = {isa = PBXFileReference; lastKnownFileType = sourcecode.swift; path = HomeViewController.swift; sourceTree = "<group>"; };
		92DC149027B52F50004C531D /* HomeViewController.xib */ = {isa = PBXFileReference; lastKnownFileType = file.xib; path = HomeViewController.xib; sourceTree = "<group>"; };
		92DC149A27B53EDB004C531D /* SlideShowCollectionViewCell.swift */ = {isa = PBXFileReference; lastKnownFileType = sourcecode.swift; path = SlideShowCollectionViewCell.swift; sourceTree = "<group>"; };
		92DC149B27B53EDB004C531D /* SlideShowCollectionViewCell.xib */ = {isa = PBXFileReference; lastKnownFileType = file.xib; path = SlideShowCollectionViewCell.xib; sourceTree = "<group>"; };
		92DC149E27B54538004C531D /* HomeViewModel.swift */ = {isa = PBXFileReference; lastKnownFileType = sourcecode.swift; path = HomeViewModel.swift; sourceTree = "<group>"; };
		92DC14A127B6813C004C531D /* HomeProductsTypeDisplayCollectionViewCell.swift */ = {isa = PBXFileReference; lastKnownFileType = sourcecode.swift; path = HomeProductsTypeDisplayCollectionViewCell.swift; sourceTree = "<group>"; };
		92DC14A227B6813C004C531D /* HomeProductsTypeDisplayCollectionViewCell.xib */ = {isa = PBXFileReference; lastKnownFileType = file.xib; path = HomeProductsTypeDisplayCollectionViewCell.xib; sourceTree = "<group>"; };
		92DC14AA27BA2903004C531D /* CustomNavigationBar.swift */ = {isa = PBXFileReference; lastKnownFileType = sourcecode.swift; path = CustomNavigationBar.swift; sourceTree = "<group>"; };
		92DC14B027BA2CCA004C531D /* CustomNavigationBar.xib */ = {isa = PBXFileReference; lastKnownFileType = file.xib; path = CustomNavigationBar.xib; sourceTree = "<group>"; };
		92DC14B327BA539C004C531D /* MyAccountViewController.swift */ = {isa = PBXFileReference; lastKnownFileType = sourcecode.swift; path = MyAccountViewController.swift; sourceTree = "<group>"; };
		92DC14B427BA539C004C531D /* MyAccountViewController.xib */ = {isa = PBXFileReference; lastKnownFileType = file.xib; path = MyAccountViewController.xib; sourceTree = "<group>"; };
		92DC14B827BA7F3D004C531D /* ResetPasswordViewController.swift */ = {isa = PBXFileReference; lastKnownFileType = sourcecode.swift; path = ResetPasswordViewController.swift; sourceTree = "<group>"; };
		92DC14B927BA7F3D004C531D /* ResetPasswordViewController.xib */ = {isa = PBXFileReference; lastKnownFileType = file.xib; path = ResetPasswordViewController.xib; sourceTree = "<group>"; };
		92DC14BC27BB6690004C531D /* UIViews+Extension.swift */ = {isa = PBXFileReference; lastKnownFileType = sourcecode.swift; path = "UIViews+Extension.swift"; sourceTree = "<group>"; };
		92DC14BE27BBC91C004C531D /* ResetPasswordViewModel.swift */ = {isa = PBXFileReference; lastKnownFileType = sourcecode.swift; path = ResetPasswordViewModel.swift; sourceTree = "<group>"; };
		92DC14C027BBC93B004C531D /* MyAccountViewModel.swift */ = {isa = PBXFileReference; lastKnownFileType = sourcecode.swift; path = MyAccountViewModel.swift; sourceTree = "<group>"; };
		92DC14C527BD149E004C531D /* ImagePicker.swift */ = {isa = PBXFileReference; lastKnownFileType = sourcecode.swift; path = ImagePicker.swift; sourceTree = "<group>"; };
		92DC14C727BE81CA004C531D /* TemporaryMenuBarViewController.swift */ = {isa = PBXFileReference; lastKnownFileType = sourcecode.swift; path = TemporaryMenuBarViewController.swift; sourceTree = "<group>"; };
		92DC14C827BE81CA004C531D /* TemporaryMenuBarViewController.xib */ = {isa = PBXFileReference; lastKnownFileType = file.xib; path = TemporaryMenuBarViewController.xib; sourceTree = "<group>"; };
		92DC14CD27BF923B004C531D /* ProductListingViewController.swift */ = {isa = PBXFileReference; lastKnownFileType = sourcecode.swift; path = ProductListingViewController.swift; sourceTree = "<group>"; };
		92DC14CE27BF923B004C531D /* ProductListingViewController.xib */ = {isa = PBXFileReference; lastKnownFileType = file.xib; path = ProductListingViewController.xib; sourceTree = "<group>"; };
		92DC14D227BF93D6004C531D /* ProductListingTableViewCell.swift */ = {isa = PBXFileReference; lastKnownFileType = sourcecode.swift; path = ProductListingTableViewCell.swift; sourceTree = "<group>"; };
		92DC14D327BF93D6004C531D /* ProductListingTableViewCell.xib */ = {isa = PBXFileReference; lastKnownFileType = file.xib; path = ProductListingTableViewCell.xib; sourceTree = "<group>"; };
		92DC14DD27C365C2004C531D /* ProductListingViewModel.swift */ = {isa = PBXFileReference; lastKnownFileType = sourcecode.swift; path = ProductListingViewModel.swift; sourceTree = "<group>"; };
/* End PBXFileReference section */

/* Begin PBXFrameworksBuildPhase section */
		92131AED27A817AF00E9A993 /* Frameworks */ = {
			isa = PBXFrameworksBuildPhase;
			buildActionMask = 2147483647;
			files = (
				9208632927C52D35007D2FED /* SDWebImage in Frameworks */,
			);
			runOnlyForDeploymentPostprocessing = 0;
		};
		92DC146C27B2AF3F004C531D /* Frameworks */ = {
			isa = PBXFrameworksBuildPhase;
			buildActionMask = 2147483647;
			files = (
			);
			runOnlyForDeploymentPostprocessing = 0;
		};
/* End PBXFrameworksBuildPhase section */

/* Begin PBXGroup section */
		9208632C27C653E7007D2FED /* ProductDetailedViewController */ = {
			isa = PBXGroup;
			children = (
				9208634027CCB773007D2FED /* BuyNowPopUpViewController */,
				9208633827C8C355007D2FED /* RateNowPopUpViewController */,
				9208633127C79CD9007D2FED /* ProductImagesCell */,
				9208632D27C6544E007D2FED /* ProductDetailedViewController.swift */,
				9208632E27C6544E007D2FED /* ProductDetailedViewController.xib */,
			);
			path = ProductDetailedViewController;
			sourceTree = "<group>";
		};
		9208633127C79CD9007D2FED /* ProductImagesCell */ = {
			isa = PBXGroup;
			children = (
				9208633227C79D23007D2FED /* ProductImagesCollectionViewCell.swift */,
				9208633327C79D23007D2FED /* ProductImagesCollectionViewCell.xib */,
			);
			path = ProductImagesCell;
			sourceTree = "<group>";
		};
		9208633827C8C355007D2FED /* RateNowPopUpViewController */ = {
			isa = PBXGroup;
			children = (
				9208633927C8C395007D2FED /* RateNowPopUpViewcontroller.swift */,
				9208633A27C8C395007D2FED /* RateNowPopUpViewcontroller.xib */,
			);
			path = RateNowPopUpViewController;
			sourceTree = "<group>";
		};
		9208634027CCB773007D2FED /* BuyNowPopUpViewController */ = {
			isa = PBXGroup;
			children = (
				9208634127CCB79C007D2FED /* BuyNowPopUpViewController.swift */,
				9208634227CCB79C007D2FED /* BuyNowPopUpViewController.xib */,
			);
			path = BuyNowPopUpViewController;
			sourceTree = "<group>";
		};
		9208634B27D07A7B007D2FED /* MyCartTableViewController */ = {
			isa = PBXGroup;
			children = (
				9208635027D094ED007D2FED /* MyCartTableViewCell */,
				9208634C27D07AA2007D2FED /* MyCartTableViewController.swift */,
				9208634D27D07AA2007D2FED /* MyCartTableViewController.xib */,
			);
			path = MyCartTableViewController;
			sourceTree = "<group>";
		};
		9208635027D094ED007D2FED /* MyCartTableViewCell */ = {
			isa = PBXGroup;
			children = (
				9208635127D09512007D2FED /* MyCartTableViewCell.swift */,
				9208635227D09512007D2FED /* MyCartTableViewCell.xib */,
			);
			path = MyCartTableViewCell;
			sourceTree = "<group>";
		};
		92131AE727A817AF00E9A993 = {
			isa = PBXGroup;
			children = (
				92131AF227A817AF00E9A993 /* NeoStore */,
				92DC147027B2AF3F004C531D /* NeoStoreTests */,
				92131AF127A817AF00E9A993 /* Products */,
			);
			sourceTree = "<group>";
		};
		92131AF127A817AF00E9A993 /* Products */ = {
			isa = PBXGroup;
			children = (
				92131AF027A817AF00E9A993 /* NeoStore.app */,
				92DC146F27B2AF3F004C531D /* NeoStoreTests.xctest */,
			);
			name = Products;
			sourceTree = "<group>";
		};
		92131AF227A817AF00E9A993 /* NeoStore */ = {
			isa = PBXGroup;
			children = (
				92131B0427A817B100E9A993 /* Info.plist */,
				92131B0F27A81C6500E9A993 /* Constants */,
				92131B0E27A81C4600E9A993 /* View */,
				92131B0C27A8186400E9A993 /* ViewModel */,
				92131B0A27A8181100E9A993 /* Model */,
				92131B1127A81C9800E9A993 /* Utility */,
			);
			path = NeoStore;
			sourceTree = "<group>";
		};
		92131B0A27A8181100E9A993 /* Model */ = {
			isa = PBXGroup;
			children = (
				92131B1827A8F59200E9A993 /* Entities */,
				92131B1527A8F55100E9A993 /* Services */,
			);
			path = Model;
			sourceTree = "<group>";
		};
		92131B0C27A8186400E9A993 /* ViewModel */ = {
			isa = PBXGroup;
			children = (
				92DC145B27AC159A004C531D /* LoginViewModel.swift */,
				92DC146927B138BA004C531D /* RegisterViewModel.swift */,
				92DC148C27B3F15C004C531D /* ForgotPasswordViewModel.swift */,
				92DC149E27B54538004C531D /* HomeViewModel.swift */,
				92DC14BE27BBC91C004C531D /* ResetPasswordViewModel.swift */,
				92DC14C027BBC93B004C531D /* MyAccountViewModel.swift */,
				92DC14DD27C365C2004C531D /* ProductListingViewModel.swift */,
				9208633627C7AE26007D2FED /* ProductDetailViewModel.swift */,
				9208634527CE0700007D2FED /* ProductRatingViewModel.swift */,
				9208634727CF54BF007D2FED /* BuyNowViewModel.swift */,
			);
			path = ViewModel;
			sourceTree = "<group>";
		};
		92131B0E27A81C4600E9A993 /* View */ = {
			isa = PBXGroup;
			children = (
				92131B1327A81D1900E9A993 /* Controller */,
			);
			path = View;
			sourceTree = "<group>";
		};
		92131B0F27A81C6500E9A993 /* Constants */ = {
			isa = PBXGroup;
			children = (
				92DC143827A9714C004C531D /* Constants.swift */,
			);
			path = Constants;
			sourceTree = "<group>";
		};
		92131B1127A81C9800E9A993 /* Utility */ = {
			isa = PBXGroup;
			children = (
				92DC148427B3D63C004C531D /* UserDefaults */,
				92DC147D27B39F4F004C531D /* JSONParser */,
				92DC147C27B39F39004C531D /* ReactiveListener */,
				92DC144827AAB3C3004C531D /* Extensions */,
				92131B1427A81D9500E9A993 /* CoreData */,
				92131AF327A817AF00E9A993 /* AppDelegate.swift */,
				92131AF527A817AF00E9A993 /* SceneDelegate.swift */,
				92131AFF27A817B100E9A993 /* Assets.xcassets */,
				92131B0127A817B100E9A993 /* LaunchScreen.storyboard */,
			);
			path = Utility;
			sourceTree = "<group>";
		};
		92131B1327A81D1900E9A993 /* Controller */ = {
			isa = PBXGroup;
			children = (
				9208634B27D07A7B007D2FED /* MyCartTableViewController */,
				9208632C27C653E7007D2FED /* ProductDetailedViewController */,
				92DC14CC27BF9209004C531D /* ProductListingViewController */,
				92DC14CB27BE81D4004C531D /* TemporaryMenuBarViewController */,
				92DC14B727BA7EDB004C531D /* ResetPasswordViewController */,
				92DC14B227BA5348004C531D /* MyAccountViewController */,
				92DC148E27B52EBB004C531D /* HomeViewController */,
				92DC148B27B3EA73004C531D /* ForgotPasswordViewController */,
				92DC146027AD020C004C531D /* RegisterViewController */,
				92DC145F27ACE75D004C531D /* LoginViewController */,
			);
			path = Controller;
			sourceTree = "<group>";
		};
		92131B1427A81D9500E9A993 /* CoreData */ = {
			isa = PBXGroup;
			children = (
				92131AFC27A817AF00E9A993 /* NeoStore.xcdatamodeld */,
			);
			path = CoreData;
			sourceTree = "<group>";
		};
		92131B1527A8F55100E9A993 /* Services */ = {
			isa = PBXGroup;
			children = (
				92DC143A27AA6664004C531D /* APIs */,
				92131B1927A90E7800E9A993 /* APIManager.swift */,
				92131B1B27A912C600E9A993 /* APIServices.swift */,
			);
			path = Services;
			sourceTree = "<group>";
		};
		92131B1827A8F59200E9A993 /* Entities */ = {
			isa = PBXGroup;
			children = (
				92DC144027AA6C4E004C531D /* Models.swift */,
			);
			path = Entities;
			sourceTree = "<group>";
		};
		92DC143A27AA6664004C531D /* APIs */ = {
			isa = PBXGroup;
			children = (
				92DC143E27AA68B5004C531D /* ProductService.swift */,
				92DC145927ABF32E004C531D /* UserService.swift */,
				9208634927CF579A007D2FED /* CartService.swift */,
			);
			path = APIs;
			sourceTree = "<group>";
		};
		92DC144827AAB3C3004C531D /* Extensions */ = {
			isa = PBXGroup;
			children = (
				92DC144E27ABF24B004C531D /* Fonts */,
				92DC144A27AAB3EC004C531D /* UIColor+Extension.swift */,
				92DC144C27AAB3FF004C531D /* UITextfields+Extension.swift */,
				92DC14BC27BB6690004C531D /* UIViews+Extension.swift */,
			);
			path = Extensions;
			sourceTree = "<group>";
		};
		92DC144E27ABF24B004C531D /* Fonts */ = {
			isa = PBXGroup;
			children = (
				92DC145727ABF32E004C531D /* GothamMedium.ttf */,
				92DC145527ABF32E004C531D /* GothamBold.otf */,
			);
			path = Fonts;
			sourceTree = "<group>";
		};
		92DC145F27ACE75D004C531D /* LoginViewController */ = {
			isa = PBXGroup;
			children = (
				92DC144227AAAB8C004C531D /* LoginScreenVC.swift */,
				92DC144327AAAB8C004C531D /* LoginScreenVC.xib */,
			);
			path = LoginViewController;
			sourceTree = "<group>";
		};
		92DC146027AD020C004C531D /* RegisterViewController */ = {
			isa = PBXGroup;
			children = (
				92DC146527AD028C004C531D /* RegisterViewController.swift */,
				92DC146627AD028C004C531D /* RegisterViewController.xib */,
			);
			path = RegisterViewController;
			sourceTree = "<group>";
		};
		92DC147027B2AF3F004C531D /* NeoStoreTests */ = {
			isa = PBXGroup;
			children = (
				92DC147127B2AF3F004C531D /* NeoStoreTests.swift */,
				92DC147327B2AF3F004C531D /* Info.plist */,
			);
			path = NeoStoreTests;
			sourceTree = "<group>";
		};
		92DC147C27B39F39004C531D /* ReactiveListener */ = {
			isa = PBXGroup;
			children = (
				92DC145D27AC1A33004C531D /* ReactiveListener.swift */,
			);
			path = ReactiveListener;
			sourceTree = "<group>";
		};
		92DC147D27B39F4F004C531D /* JSONParser */ = {
			isa = PBXGroup;
			children = (
				92DC147E27B39F66004C531D /* JSONParser.swift */,
				92DC148027B3ADE5004C531D /* KeyedDecodingContainer + Extension.swift */,
			);
			path = JSONParser;
			sourceTree = "<group>";
		};
		92DC148427B3D63C004C531D /* UserDefaults */ = {
			isa = PBXGroup;
			children = (
				92DC148527B3D652004C531D /* UserDefaults.swift */,
			);
			path = UserDefaults;
			sourceTree = "<group>";
		};
		92DC148B27B3EA73004C531D /* ForgotPasswordViewController */ = {
			isa = PBXGroup;
			children = (
				92DC148727B3EA68004C531D /* ForgotPasswordViewController.swift */,
				92DC148827B3EA68004C531D /* ForgotPasswordViewController.xib */,
			);
			path = ForgotPasswordViewController;
			sourceTree = "<group>";
		};
		92DC148E27B52EBB004C531D /* HomeViewController */ = {
			isa = PBXGroup;
			children = (
				92DC14A527BA25DF004C531D /* HomeViewControllerNavigationBar */,
				92DC14A027B67CCD004C531D /* HomeProductsTypeDisplayCollectionViewCells */,
				92DC149927B53E93004C531D /* HomeCollectionViewCells */,
				92DC148F27B52F50004C531D /* HomeViewController.swift */,
				92DC149027B52F50004C531D /* HomeViewController.xib */,
			);
			path = HomeViewController;
			sourceTree = "<group>";
		};
		92DC149927B53E93004C531D /* HomeCollectionViewCells */ = {
			isa = PBXGroup;
			children = (
				92DC149A27B53EDB004C531D /* SlideShowCollectionViewCell.swift */,
				92DC149B27B53EDB004C531D /* SlideShowCollectionViewCell.xib */,
			);
			path = HomeCollectionViewCells;
			sourceTree = "<group>";
		};
		92DC14A027B67CCD004C531D /* HomeProductsTypeDisplayCollectionViewCells */ = {
			isa = PBXGroup;
			children = (
				92DC14A127B6813C004C531D /* HomeProductsTypeDisplayCollectionViewCell.swift */,
				92DC14A227B6813C004C531D /* HomeProductsTypeDisplayCollectionViewCell.xib */,
			);
			path = HomeProductsTypeDisplayCollectionViewCells;
			sourceTree = "<group>";
		};
		92DC14A527BA25DF004C531D /* HomeViewControllerNavigationBar */ = {
			isa = PBXGroup;
			children = (
				92DC14AA27BA2903004C531D /* CustomNavigationBar.swift */,
				92DC14B027BA2CCA004C531D /* CustomNavigationBar.xib */,
			);
			path = HomeViewControllerNavigationBar;
			sourceTree = "<group>";
		};
		92DC14B227BA5348004C531D /* MyAccountViewController */ = {
			isa = PBXGroup;
			children = (
				92DC14B327BA539C004C531D /* MyAccountViewController.swift */,
				92DC14B427BA539C004C531D /* MyAccountViewController.xib */,
				92DC14C527BD149E004C531D /* ImagePicker.swift */,
			);
			path = MyAccountViewController;
			sourceTree = "<group>";
		};
		92DC14B727BA7EDB004C531D /* ResetPasswordViewController */ = {
			isa = PBXGroup;
			children = (
				92DC14B827BA7F3D004C531D /* ResetPasswordViewController.swift */,
				92DC14B927BA7F3D004C531D /* ResetPasswordViewController.xib */,
			);
			path = ResetPasswordViewController;
			sourceTree = "<group>";
		};
		92DC14CB27BE81D4004C531D /* TemporaryMenuBarViewController */ = {
			isa = PBXGroup;
			children = (
				92DC14C727BE81CA004C531D /* TemporaryMenuBarViewController.swift */,
				92DC14C827BE81CA004C531D /* TemporaryMenuBarViewController.xib */,
			);
			path = TemporaryMenuBarViewController;
			sourceTree = "<group>";
		};
		92DC14CC27BF9209004C531D /* ProductListingViewController */ = {
			isa = PBXGroup;
			children = (
				92DC14D127BF9373004C531D /* ProductListingTableViewCell */,
				92DC14CD27BF923B004C531D /* ProductListingViewController.swift */,
				92DC14CE27BF923B004C531D /* ProductListingViewController.xib */,
			);
			path = ProductListingViewController;
			sourceTree = "<group>";
		};
		92DC14D127BF9373004C531D /* ProductListingTableViewCell */ = {
			isa = PBXGroup;
			children = (
				92DC14D227BF93D6004C531D /* ProductListingTableViewCell.swift */,
				92DC14D327BF93D6004C531D /* ProductListingTableViewCell.xib */,
			);
			path = ProductListingTableViewCell;
			sourceTree = "<group>";
		};
/* End PBXGroup section */

/* Begin PBXNativeTarget section */
		92131AEF27A817AF00E9A993 /* NeoStore */ = {
			isa = PBXNativeTarget;
			buildConfigurationList = 92131B0727A817B100E9A993 /* Build configuration list for PBXNativeTarget "NeoStore" */;
			buildPhases = (
				92131AEC27A817AF00E9A993 /* Sources */,
				92131AED27A817AF00E9A993 /* Frameworks */,
				92131AEE27A817AF00E9A993 /* Resources */,
			);
			buildRules = (
			);
			dependencies = (
				9208632B27C52D54007D2FED /* PBXTargetDependency */,
			);
			name = NeoStore;
			packageProductDependencies = (
				9208632827C52D35007D2FED /* SDWebImage */,
			);
			productName = NeoStore;
			productReference = 92131AF027A817AF00E9A993 /* NeoStore.app */;
			productType = "com.apple.product-type.application";
		};
		92DC146E27B2AF3F004C531D /* NeoStoreTests */ = {
			isa = PBXNativeTarget;
			buildConfigurationList = 92DC147627B2AF3F004C531D /* Build configuration list for PBXNativeTarget "NeoStoreTests" */;
			buildPhases = (
				92DC146B27B2AF3F004C531D /* Sources */,
				92DC146C27B2AF3F004C531D /* Frameworks */,
				92DC146D27B2AF3F004C531D /* Resources */,
			);
			buildRules = (
			);
			dependencies = (
				92DC147527B2AF3F004C531D /* PBXTargetDependency */,
			);
			name = NeoStoreTests;
			productName = NeoStoreTests;
			productReference = 92DC146F27B2AF3F004C531D /* NeoStoreTests.xctest */;
			productType = "com.apple.product-type.bundle.unit-test";
		};
/* End PBXNativeTarget section */

/* Begin PBXProject section */
		92131AE827A817AF00E9A993 /* Project object */ = {
			isa = PBXProject;
			attributes = {
				LastSwiftUpdateCheck = 1250;
				LastUpgradeCheck = 1250;
				TargetAttributes = {
					92131AEF27A817AF00E9A993 = {
						CreatedOnToolsVersion = 12.5.1;
					};
					92DC146E27B2AF3F004C531D = {
						CreatedOnToolsVersion = 12.5.1;
						TestTargetID = 92131AEF27A817AF00E9A993;
					};
				};
			};
			buildConfigurationList = 92131AEB27A817AF00E9A993 /* Build configuration list for PBXProject "NeoStore" */;
			compatibilityVersion = "Xcode 9.3";
			developmentRegion = en;
			hasScannedForEncodings = 0;
			knownRegions = (
				en,
				Base,
			);
			mainGroup = 92131AE727A817AF00E9A993;
			packageReferences = (
				9208632727C52D35007D2FED /* XCRemoteSwiftPackageReference "SDWebImage" */,
			);
			productRefGroup = 92131AF127A817AF00E9A993 /* Products */;
			projectDirPath = "";
			projectRoot = "";
			targets = (
				92131AEF27A817AF00E9A993 /* NeoStore */,
				92DC146E27B2AF3F004C531D /* NeoStoreTests */,
			);
		};
/* End PBXProject section */

/* Begin PBXResourcesBuildPhase section */
		92131AEE27A817AF00E9A993 /* Resources */ = {
			isa = PBXResourcesBuildPhase;
			buildActionMask = 2147483647;
			files = (
				9208633527C79D23007D2FED /* ProductImagesCollectionViewCell.xib in Resources */,
				92DC14A427B6813C004C531D /* HomeProductsTypeDisplayCollectionViewCell.xib in Resources */,
				92DC144527AAAB8C004C531D /* LoginScreenVC.xib in Resources */,
				92DC145627ABF32E004C531D /* GothamBold.otf in Resources */,
				92DC14D027BF923B004C531D /* ProductListingViewController.xib in Resources */,
				9208633C27C8C395007D2FED /* RateNowPopUpViewcontroller.xib in Resources */,
				92DC148A27B3EA68004C531D /* ForgotPasswordViewController.xib in Resources */,
				92DC145827ABF32E004C531D /* GothamMedium.ttf in Resources */,
				92131B0327A817B100E9A993 /* LaunchScreen.storyboard in Resources */,
				92131B0027A817B100E9A993 /* Assets.xcassets in Resources */,
				92DC14B127BA2CCA004C531D /* CustomNavigationBar.xib in Resources */,
				92DC146827AD028C004C531D /* RegisterViewController.xib in Resources */,
				92DC14CA27BE81CA004C531D /* TemporaryMenuBarViewController.xib in Resources */,
				9208634427CCB79C007D2FED /* BuyNowPopUpViewController.xib in Resources */,
				9208633027C6544E007D2FED /* ProductDetailedViewController.xib in Resources */,
				92DC149227B52F50004C531D /* HomeViewController.xib in Resources */,
				92DC14BB27BA7F3D004C531D /* ResetPasswordViewController.xib in Resources */,
				9208635427D09512007D2FED /* MyCartTableViewCell.xib in Resources */,
				92DC14B627BA539C004C531D /* MyAccountViewController.xib in Resources */,
				92DC14D527BF93D6004C531D /* ProductListingTableViewCell.xib in Resources */,
				9208634F27D07AA2007D2FED /* MyCartTableViewController.xib in Resources */,
				92DC149D27B53EDB004C531D /* SlideShowCollectionViewCell.xib in Resources */,
			);
			runOnlyForDeploymentPostprocessing = 0;
		};
		92DC146D27B2AF3F004C531D /* Resources */ = {
			isa = PBXResourcesBuildPhase;
			buildActionMask = 2147483647;
			files = (
			);
			runOnlyForDeploymentPostprocessing = 0;
		};
/* End PBXResourcesBuildPhase section */

/* Begin PBXSourcesBuildPhase section */
		92131AEC27A817AF00E9A993 /* Sources */ = {
			isa = PBXSourcesBuildPhase;
			buildActionMask = 2147483647;
			files = (
				92DC14BD27BB6690004C531D /* UIViews+Extension.swift in Sources */,
				92131AFE27A817AF00E9A993 /* NeoStore.xcdatamodeld in Sources */,
				92DC148127B3ADE5004C531D /* KeyedDecodingContainer + Extension.swift in Sources */,
				9208633F27C915C1007D2FED /* RateNowPopUpViewcontroller.swift in Sources */,
				92131B1C27A912C600E9A993 /* APIServices.swift in Sources */,
				92DC148D27B3F15C004C531D /* ForgotPasswordViewModel.swift in Sources */,
				92DC14C927BE81CA004C531D /* TemporaryMenuBarViewController.swift in Sources */,
				92DC14BF27BBC91C004C531D /* ResetPasswordViewModel.swift in Sources */,
				92131B1A27A90E7800E9A993 /* APIManager.swift in Sources */,
				9208633727C7AE26007D2FED /* ProductDetailViewModel.swift in Sources */,
				92DC14C127BBC93B004C531D /* MyAccountViewModel.swift in Sources */,
				9208634A27CF579A007D2FED /* CartService.swift in Sources */,
				92DC146A27B138BA004C531D /* RegisterViewModel.swift in Sources */,
				92DC144B27AAB3EC004C531D /* UIColor+Extension.swift in Sources */,
				92DC149127B52F50004C531D /* HomeViewController.swift in Sources */,
				92DC14B527BA539C004C531D /* MyAccountViewController.swift in Sources */,
				92DC143F27AA68B5004C531D /* ProductService.swift in Sources */,
				92DC14C627BD149E004C531D /* ImagePicker.swift in Sources */,
				9208632F27C6544E007D2FED /* ProductDetailedViewController.swift in Sources */,
				92DC14DE27C365C2004C531D /* ProductListingViewModel.swift in Sources */,
				92DC149C27B53EDB004C531D /* SlideShowCollectionViewCell.swift in Sources */,
				92131AF427A817AF00E9A993 /* AppDelegate.swift in Sources */,
				92DC146727AD028C004C531D /* RegisterViewController.swift in Sources */,
				9208633427C79D23007D2FED /* ProductImagesCollectionViewCell.swift in Sources */,
				92131AF627A817AF00E9A993 /* SceneDelegate.swift in Sources */,
				92DC14CF27BF923B004C531D /* ProductListingViewController.swift in Sources */,
				92DC144427AAAB8C004C531D /* LoginScreenVC.swift in Sources */,
				9208635327D09512007D2FED /* MyCartTableViewCell.swift in Sources */,
				92DC147F27B39F66004C531D /* JSONParser.swift in Sources */,
				92DC145C27AC159A004C531D /* LoginViewModel.swift in Sources */,
				92DC148627B3D652004C531D /* UserDefaults.swift in Sources */,
				9208634E27D07AA2007D2FED /* MyCartTableViewController.swift in Sources */,
				92DC145A27ABF32E004C531D /* UserService.swift in Sources */,
				92DC144D27AAB3FF004C531D /* UITextfields+Extension.swift in Sources */,
				9208634827CF54BF007D2FED /* BuyNowViewModel.swift in Sources */,
				92DC149F27B54538004C531D /* HomeViewModel.swift in Sources */,
				92DC14AB27BA2903004C531D /* CustomNavigationBar.swift in Sources */,
				92DC148927B3EA68004C531D /* ForgotPasswordViewController.swift in Sources */,
				92DC143927A9714C004C531D /* Constants.swift in Sources */,
				9208634627CE0700007D2FED /* ProductRatingViewModel.swift in Sources */,
				9208634327CCB79C007D2FED /* BuyNowPopUpViewController.swift in Sources */,
				92DC145E27AC1A33004C531D /* ReactiveListener.swift in Sources */,
				92DC14A327B6813C004C531D /* HomeProductsTypeDisplayCollectionViewCell.swift in Sources */,
				92DC14D427BF93D6004C531D /* ProductListingTableViewCell.swift in Sources */,
				92DC144127AA6C4E004C531D /* Models.swift in Sources */,
				92DC14BA27BA7F3D004C531D /* ResetPasswordViewController.swift in Sources */,
			);
			runOnlyForDeploymentPostprocessing = 0;
		};
		92DC146B27B2AF3F004C531D /* Sources */ = {
			isa = PBXSourcesBuildPhase;
			buildActionMask = 2147483647;
			files = (
				92DC147227B2AF3F004C531D /* NeoStoreTests.swift in Sources */,
			);
			runOnlyForDeploymentPostprocessing = 0;
		};
/* End PBXSourcesBuildPhase section */

/* Begin PBXTargetDependency section */
		9208632B27C52D54007D2FED /* PBXTargetDependency */ = {
			isa = PBXTargetDependency;
			productRef = 9208632A27C52D54007D2FED /* SDWebImage */;
		};
		92DC147527B2AF3F004C531D /* PBXTargetDependency */ = {
			isa = PBXTargetDependency;
			target = 92131AEF27A817AF00E9A993 /* NeoStore */;
			targetProxy = 92DC147427B2AF3F004C531D /* PBXContainerItemProxy */;
		};
/* End PBXTargetDependency section */

/* Begin PBXVariantGroup section */
		92131B0127A817B100E9A993 /* LaunchScreen.storyboard */ = {
			isa = PBXVariantGroup;
			children = (
				92131B0227A817B100E9A993 /* Base */,
			);
			name = LaunchScreen.storyboard;
			sourceTree = "<group>";
		};
/* End PBXVariantGroup section */

/* Begin XCBuildConfiguration section */
		92131B0527A817B100E9A993 /* Debug */ = {
			isa = XCBuildConfiguration;
			buildSettings = {
				ALWAYS_SEARCH_USER_PATHS = NO;
				CLANG_ANALYZER_NONNULL = YES;
				CLANG_ANALYZER_NUMBER_OBJECT_CONVERSION = YES_AGGRESSIVE;
				CLANG_CXX_LANGUAGE_STANDARD = "gnu++14";
				CLANG_CXX_LIBRARY = "libc++";
				CLANG_ENABLE_MODULES = YES;
				CLANG_ENABLE_OBJC_ARC = YES;
				CLANG_ENABLE_OBJC_WEAK = YES;
				CLANG_WARN_BLOCK_CAPTURE_AUTORELEASING = YES;
				CLANG_WARN_BOOL_CONVERSION = YES;
				CLANG_WARN_COMMA = YES;
				CLANG_WARN_CONSTANT_CONVERSION = YES;
				CLANG_WARN_DEPRECATED_OBJC_IMPLEMENTATIONS = YES;
				CLANG_WARN_DIRECT_OBJC_ISA_USAGE = YES_ERROR;
				CLANG_WARN_DOCUMENTATION_COMMENTS = YES;
				CLANG_WARN_EMPTY_BODY = YES;
				CLANG_WARN_ENUM_CONVERSION = YES;
				CLANG_WARN_INFINITE_RECURSION = YES;
				CLANG_WARN_INT_CONVERSION = YES;
				CLANG_WARN_NON_LITERAL_NULL_CONVERSION = YES;
				CLANG_WARN_OBJC_IMPLICIT_RETAIN_SELF = YES;
				CLANG_WARN_OBJC_LITERAL_CONVERSION = YES;
				CLANG_WARN_OBJC_ROOT_CLASS = YES_ERROR;
				CLANG_WARN_QUOTED_INCLUDE_IN_FRAMEWORK_HEADER = YES;
				CLANG_WARN_RANGE_LOOP_ANALYSIS = YES;
				CLANG_WARN_STRICT_PROTOTYPES = YES;
				CLANG_WARN_SUSPICIOUS_MOVE = YES;
				CLANG_WARN_UNGUARDED_AVAILABILITY = YES_AGGRESSIVE;
				CLANG_WARN_UNREACHABLE_CODE = YES;
				CLANG_WARN__DUPLICATE_METHOD_MATCH = YES;
				COPY_PHASE_STRIP = NO;
				DEBUG_INFORMATION_FORMAT = dwarf;
				ENABLE_STRICT_OBJC_MSGSEND = YES;
				ENABLE_TESTABILITY = YES;
				GCC_C_LANGUAGE_STANDARD = gnu11;
				GCC_DYNAMIC_NO_PIC = NO;
				GCC_NO_COMMON_BLOCKS = YES;
				GCC_OPTIMIZATION_LEVEL = 0;
				GCC_PREPROCESSOR_DEFINITIONS = (
					"DEBUG=1",
					"$(inherited)",
				);
				GCC_WARN_64_TO_32_BIT_CONVERSION = YES;
				GCC_WARN_ABOUT_RETURN_TYPE = YES_ERROR;
				GCC_WARN_UNDECLARED_SELECTOR = YES;
				GCC_WARN_UNINITIALIZED_AUTOS = YES_AGGRESSIVE;
				GCC_WARN_UNUSED_FUNCTION = YES;
				GCC_WARN_UNUSED_VARIABLE = YES;
				IPHONEOS_DEPLOYMENT_TARGET = 14.5;
				MTL_ENABLE_DEBUG_INFO = INCLUDE_SOURCE;
				MTL_FAST_MATH = YES;
				ONLY_ACTIVE_ARCH = YES;
				SDKROOT = iphoneos;
				SWIFT_ACTIVE_COMPILATION_CONDITIONS = DEBUG;
				SWIFT_OPTIMIZATION_LEVEL = "-Onone";
			};
			name = Debug;
		};
		92131B0627A817B100E9A993 /* Release */ = {
			isa = XCBuildConfiguration;
			buildSettings = {
				ALWAYS_SEARCH_USER_PATHS = NO;
				CLANG_ANALYZER_NONNULL = YES;
				CLANG_ANALYZER_NUMBER_OBJECT_CONVERSION = YES_AGGRESSIVE;
				CLANG_CXX_LANGUAGE_STANDARD = "gnu++14";
				CLANG_CXX_LIBRARY = "libc++";
				CLANG_ENABLE_MODULES = YES;
				CLANG_ENABLE_OBJC_ARC = YES;
				CLANG_ENABLE_OBJC_WEAK = YES;
				CLANG_WARN_BLOCK_CAPTURE_AUTORELEASING = YES;
				CLANG_WARN_BOOL_CONVERSION = YES;
				CLANG_WARN_COMMA = YES;
				CLANG_WARN_CONSTANT_CONVERSION = YES;
				CLANG_WARN_DEPRECATED_OBJC_IMPLEMENTATIONS = YES;
				CLANG_WARN_DIRECT_OBJC_ISA_USAGE = YES_ERROR;
				CLANG_WARN_DOCUMENTATION_COMMENTS = YES;
				CLANG_WARN_EMPTY_BODY = YES;
				CLANG_WARN_ENUM_CONVERSION = YES;
				CLANG_WARN_INFINITE_RECURSION = YES;
				CLANG_WARN_INT_CONVERSION = YES;
				CLANG_WARN_NON_LITERAL_NULL_CONVERSION = YES;
				CLANG_WARN_OBJC_IMPLICIT_RETAIN_SELF = YES;
				CLANG_WARN_OBJC_LITERAL_CONVERSION = YES;
				CLANG_WARN_OBJC_ROOT_CLASS = YES_ERROR;
				CLANG_WARN_QUOTED_INCLUDE_IN_FRAMEWORK_HEADER = YES;
				CLANG_WARN_RANGE_LOOP_ANALYSIS = YES;
				CLANG_WARN_STRICT_PROTOTYPES = YES;
				CLANG_WARN_SUSPICIOUS_MOVE = YES;
				CLANG_WARN_UNGUARDED_AVAILABILITY = YES_AGGRESSIVE;
				CLANG_WARN_UNREACHABLE_CODE = YES;
				CLANG_WARN__DUPLICATE_METHOD_MATCH = YES;
				COPY_PHASE_STRIP = NO;
				DEBUG_INFORMATION_FORMAT = "dwarf-with-dsym";
				ENABLE_NS_ASSERTIONS = NO;
				ENABLE_STRICT_OBJC_MSGSEND = YES;
				GCC_C_LANGUAGE_STANDARD = gnu11;
				GCC_NO_COMMON_BLOCKS = YES;
				GCC_WARN_64_TO_32_BIT_CONVERSION = YES;
				GCC_WARN_ABOUT_RETURN_TYPE = YES_ERROR;
				GCC_WARN_UNDECLARED_SELECTOR = YES;
				GCC_WARN_UNINITIALIZED_AUTOS = YES_AGGRESSIVE;
				GCC_WARN_UNUSED_FUNCTION = YES;
				GCC_WARN_UNUSED_VARIABLE = YES;
				IPHONEOS_DEPLOYMENT_TARGET = 14.5;
				MTL_ENABLE_DEBUG_INFO = NO;
				MTL_FAST_MATH = YES;
				SDKROOT = iphoneos;
				SWIFT_COMPILATION_MODE = wholemodule;
				SWIFT_OPTIMIZATION_LEVEL = "-O";
				VALIDATE_PRODUCT = YES;
			};
			name = Release;
		};
		92131B0827A817B100E9A993 /* Debug */ = {
			isa = XCBuildConfiguration;
			buildSettings = {
				ASSETCATALOG_COMPILER_APPICON_NAME = AppIcon;
				ASSETCATALOG_COMPILER_GLOBAL_ACCENT_COLOR_NAME = AccentColor;
				CODE_SIGN_STYLE = Automatic;
				INFOPLIST_FILE = NeoStore/Info.plist;
				LD_RUNPATH_SEARCH_PATHS = (
					"$(inherited)",
					"@executable_path/Frameworks",
				);
				PRODUCT_BUNDLE_IDENTIFIER = NeosoftTechnologies.NeoStore;
				PRODUCT_NAME = "$(TARGET_NAME)";
				SWIFT_VERSION = 5.0;
				TARGETED_DEVICE_FAMILY = 1;
			};
			name = Debug;
		};
		92131B0927A817B100E9A993 /* Release */ = {
			isa = XCBuildConfiguration;
			buildSettings = {
				ASSETCATALOG_COMPILER_APPICON_NAME = AppIcon;
				ASSETCATALOG_COMPILER_GLOBAL_ACCENT_COLOR_NAME = AccentColor;
				CODE_SIGN_STYLE = Automatic;
				INFOPLIST_FILE = NeoStore/Info.plist;
				LD_RUNPATH_SEARCH_PATHS = (
					"$(inherited)",
					"@executable_path/Frameworks",
				);
				PRODUCT_BUNDLE_IDENTIFIER = NeosoftTechnologies.NeoStore;
				PRODUCT_NAME = "$(TARGET_NAME)";
				SWIFT_VERSION = 5.0;
				TARGETED_DEVICE_FAMILY = 1;
			};
			name = Release;
		};
		92DC147727B2AF3F004C531D /* Debug */ = {
			isa = XCBuildConfiguration;
			buildSettings = {
				BUNDLE_LOADER = "$(TEST_HOST)";
				CODE_SIGN_STYLE = Automatic;
				INFOPLIST_FILE = NeoStoreTests/Info.plist;
				LD_RUNPATH_SEARCH_PATHS = (
					"$(inherited)",
					"@executable_path/Frameworks",
					"@loader_path/Frameworks",
				);
				PRODUCT_BUNDLE_IDENTIFIER = NeosoftTechnologies.NeoStoreTests;
				PRODUCT_NAME = "$(TARGET_NAME)";
				SWIFT_VERSION = 5.0;
				TARGETED_DEVICE_FAMILY = "1,2";
				TEST_HOST = "$(BUILT_PRODUCTS_DIR)/NeoStore.app/NeoStore";
			};
			name = Debug;
		};
		92DC147827B2AF3F004C531D /* Release */ = {
			isa = XCBuildConfiguration;
			buildSettings = {
				BUNDLE_LOADER = "$(TEST_HOST)";
				CODE_SIGN_STYLE = Automatic;
				INFOPLIST_FILE = NeoStoreTests/Info.plist;
				LD_RUNPATH_SEARCH_PATHS = (
					"$(inherited)",
					"@executable_path/Frameworks",
					"@loader_path/Frameworks",
				);
				PRODUCT_BUNDLE_IDENTIFIER = NeosoftTechnologies.NeoStoreTests;
				PRODUCT_NAME = "$(TARGET_NAME)";
				SWIFT_VERSION = 5.0;
				TARGETED_DEVICE_FAMILY = "1,2";
				TEST_HOST = "$(BUILT_PRODUCTS_DIR)/NeoStore.app/NeoStore";
			};
			name = Release;
		};
/* End XCBuildConfiguration section */

/* Begin XCConfigurationList section */
		92131AEB27A817AF00E9A993 /* Build configuration list for PBXProject "NeoStore" */ = {
			isa = XCConfigurationList;
			buildConfigurations = (
				92131B0527A817B100E9A993 /* Debug */,
				92131B0627A817B100E9A993 /* Release */,
			);
			defaultConfigurationIsVisible = 0;
			defaultConfigurationName = Release;
		};
		92131B0727A817B100E9A993 /* Build configuration list for PBXNativeTarget "NeoStore" */ = {
			isa = XCConfigurationList;
			buildConfigurations = (
				92131B0827A817B100E9A993 /* Debug */,
				92131B0927A817B100E9A993 /* Release */,
			);
			defaultConfigurationIsVisible = 0;
			defaultConfigurationName = Release;
		};
		92DC147627B2AF3F004C531D /* Build configuration list for PBXNativeTarget "NeoStoreTests" */ = {
			isa = XCConfigurationList;
			buildConfigurations = (
				92DC147727B2AF3F004C531D /* Debug */,
				92DC147827B2AF3F004C531D /* Release */,
			);
			defaultConfigurationIsVisible = 0;
			defaultConfigurationName = Release;
		};
/* End XCConfigurationList section */

/* Begin XCRemoteSwiftPackageReference section */
		9208632727C52D35007D2FED /* XCRemoteSwiftPackageReference "SDWebImage" */ = {
			isa = XCRemoteSwiftPackageReference;
			repositoryURL = "https://github.com/SDWebImage/SDWebImage.git";
			requirement = {
				kind = upToNextMajorVersion;
				minimumVersion = 5.12.3;
			};
		};
/* End XCRemoteSwiftPackageReference section */

/* Begin XCSwiftPackageProductDependency section */
		9208632827C52D35007D2FED /* SDWebImage */ = {
			isa = XCSwiftPackageProductDependency;
			package = 9208632727C52D35007D2FED /* XCRemoteSwiftPackageReference "SDWebImage" */;
			productName = SDWebImage;
		};
		9208632A27C52D54007D2FED /* SDWebImage */ = {
			isa = XCSwiftPackageProductDependency;
			package = 9208632727C52D35007D2FED /* XCRemoteSwiftPackageReference "SDWebImage" */;
			productName = SDWebImage;
		};
/* End XCSwiftPackageProductDependency section */

/* Begin XCVersionGroup section */
		92131AFC27A817AF00E9A993 /* NeoStore.xcdatamodeld */ = {
			isa = XCVersionGroup;
			children = (
				92131AFD27A817AF00E9A993 /* NeoStore.xcdatamodel */,
			);
			currentVersion = 92131AFD27A817AF00E9A993 /* NeoStore.xcdatamodel */;
			path = NeoStore.xcdatamodeld;
			sourceTree = "<group>";
			versionGroupType = wrapper.xcdatamodel;
		};
/* End XCVersionGroup section */
	};
	rootObject = 92131AE827A817AF00E9A993 /* Project object */;
}
